
Microsoft Visual Studio Solution File, Format Version 12.00
# Visual Studio 15
VisualStudioVersion = 15.0.26430.12
MinimumVisualStudioVersion = 10.0.40219.1
Project("{FAE04EC0-301F-11D3-BF4B-00C04F79EFBC}") = "AddressManager.WebApi", "AddressManagerApi\AddressManager.WebApi.csproj", "{8CAF261D-9168-4B31-9B0E-27401BF8369B}"
EndProject
Project("{FAE04EC0-301F-11D3-BF4B-00C04F79EFBC}") = "AddressManager", "AddressManager\AddressManager.csproj", "{3384BD2A-1BBD-40B3-83F9-D1C596DA603B}"
EndProject
Project("{FAE04EC0-301F-11D3-BF4B-00C04F79EFBC}") = "AddressManager.Data", "AddressManager.Data\AddressManager.Data.csproj", "{736CCC36-E319-4A29-A663-50D0280E6461}"
EndProject
Project("{2150E333-8FDC-42A3-9474-1A3956D46DE8}") = "Tests", "Tests", "{76277857-23EC-4070-82BE-D256FFA657B6}"
EndProject
Project("{FAE04EC0-301F-11D3-BF4B-00C04F79EFBC}") = "AddressManager.Data.Tests", "AddressManager.Data.Tests\AddressManager.Data.Tests.csproj", "{547D629A-1391-47E2-AC1E-CFF3D4F46AD6}"
EndProject
Project("{FAE04EC0-301F-11D3-BF4B-00C04F79EFBC}") = "AddressManager.WebApi.Tests", "AddressManager.WebApi.Tests\AddressManager.WebApi.Tests.csproj", "{D8B30169-97BF-487A-A6C3-605EE8EC7295}"
EndProject
Project("{2150E333-8FDC-42A3-9474-1A3956D46DE8}") = "SQL Setup", "SQL Setup", "{119CB50F-8091-4F3A-A1DC-A06C320630E1}"
	ProjectSection(SolutionItems) = preProject
		SQL Setup\CreateDatabase.sql = SQL Setup\CreateDatabase.sql
		SQL Setup\PopulateSampleData.sql = SQL Setup\PopulateSampleData.sql
	EndProjectSection
EndProject
Global
	GlobalSection(SolutionConfigurationPlatforms) = preSolution
		Debug|Any CPU = Debug|Any CPU
		Release|Any CPU = Release|Any CPU
	EndGlobalSection
	GlobalSection(ProjectConfigurationPlatforms) = postSolution
		{8CAF261D-9168-4B31-9B0E-27401BF8369B}.Debug|Any CPU.ActiveCfg = Debug|Any CPU
		{8CAF261D-9168-4B31-9B0E-27401BF8369B}.Debug|Any CPU.Build.0 = Debug|Any CPU
		{8CAF261D-9168-4B31-9B0E-27401BF8369B}.Release|Any CPU.ActiveCfg = Release|Any CPU
		{8CAF261D-9168-4B31-9B0E-27401BF8369B}.Release|Any CPU.Build.0 = Release|Any CPU
		{3384BD2A-1BBD-40B3-83F9-D1C596DA603B}.Debug|Any CPU.ActiveCfg = Debug|Any CPU
		{3384BD2A-1BBD-40B3-83F9-D1C596DA603B}.Debug|Any CPU.Build.0 = Debug|Any CPU
		{3384BD2A-1BBD-40B3-83F9-D1C596DA603B}.Release|Any CPU.ActiveCfg = Release|Any CPU
		{3384BD2A-1BBD-40B3-83F9-D1C596DA603B}.Release|Any CPU.Build.0 = Release|Any CPU
		{736CCC36-E319-4A29-A663-50D0280E6461}.Debug|Any CPU.ActiveCfg = Debug|Any CPU
		{736CCC36-E319-4A29-A663-50D0280E6461}.Debug|Any CPU.Build.0 = Debug|Any CPU
		{736CCC36-E319-4A29-A663-50D0280E6461}.Release|Any CPU.ActiveCfg = Release|Any CPU
		{736CCC36-E319-4A29-A663-50D0280E6461}.Release|Any CPU.Build.0 = Release|Any CPU
		{547D629A-1391-47E2-AC1E-CFF3D4F46AD6}.Debug|Any CPU.ActiveCfg = Debug|Any CPU
		{547D629A-1391-47E2-AC1E-CFF3D4F46AD6}.Debug|Any CPU.Build.0 = Debug|Any CPU
		{547D629A-1391-47E2-AC1E-CFF3D4F46AD6}.Release|Any CPU.ActiveCfg = Release|Any CPU
		{547D629A-1391-47E2-AC1E-CFF3D4F46AD6}.Release|Any CPU.Build.0 = Release|Any CPU
		{D8B30169-97BF-487A-A6C3-605EE8EC7295}.Debug|Any CPU.ActiveCfg = Debug|Any CPU
		{D8B30169-97BF-487A-A6C3-605EE8EC7295}.Debug|Any CPU.Build.0 = Debug|Any CPU
		{D8B30169-97BF-487A-A6C3-605EE8EC7295}.Release|Any CPU.ActiveCfg = Release|Any CPU
		{D8B30169-97BF-487A-A6C3-605EE8EC7295}.Release|Any CPU.Build.0 = Release|Any CPU
	EndGlobalSection
	GlobalSection(SolutionProperties) = preSolution
		HideSolutionNode = FALSE
	EndGlobalSection
	GlobalSection(NestedProjects) = preSolution
		{547D629A-1391-47E2-AC1E-CFF3D4F46AD6} = {76277857-23EC-4070-82BE-D256FFA657B6}
		{D8B30169-97BF-487A-A6C3-605EE8EC7295} = {76277857-23EC-4070-82BE-D256FFA657B6}
	EndGlobalSection
EndGlobal
